
Microsoft Visual Studio Solution File, Format Version 12.00
# Visual Studio 14
VisualStudioVersion = 14.0.25420.1
MinimumVisualStudioVersion = 10.0.40219.1
Project("{FAE04EC0-301F-11D3-BF4B-00C04F79EFBC}") = "MyContacts.iOS", "MyContacts\MyContacts.iOS.csproj", "{69186246-D531-4ACF-B477-FEE65455EE42}"
EndProject
Global
	GlobalSection(SolutionConfigurationPlatforms) = preSolution
		Ad-Hoc|iPhone = Ad-Hoc|iPhone
		Ad-Hoc|iPhoneSimulator = Ad-Hoc|iPhoneSimulator
		AppStore|iPhone = AppStore|iPhone
		AppStore|iPhoneSimulator = AppStore|iPhoneSimulator
		Debug|iPhone = Debug|iPhone
		Debug|iPhoneSimulator = Debug|iPhoneSimulator
		Release|iPhone = Release|iPhone
		Release|iPhoneSimulator = Release|iPhoneSimulator
	EndGlobalSection
	GlobalSection(ProjectConfigurationPlatforms) = postSolution
		{69186246-D531-4ACF-B477-FEE65455EE42}.Ad-Hoc|iPhone.ActiveCfg = Ad-Hoc|iPhone
		{69186246-D531-4ACF-B477-FEE65455EE42}.Ad-Hoc|iPhone.Build.0 = Ad-Hoc|iPhone
		{69186246-D531-4ACF-B477-FEE65455EE42}.Ad-Hoc|iPhoneSimulator.ActiveCfg = Ad-Hoc|iPhoneSimulator
		{69186246-D531-4ACF-B477-FEE65455EE42}.Ad-Hoc|iPhoneSimulator.Build.0 = Ad-Hoc|iPhoneSimulator
		{69186246-D531-4ACF-B477-FEE65455EE42}.AppStore|iPhone.ActiveCfg = AppStore|iPhone
		{69186246-D531-4ACF-B477-FEE65455EE42}.AppStore|iPhone.Build.0 = AppStore|iPhone
		{69186246-D531-4ACF-B477-FEE65455EE42}.AppStore|iPhoneSimulator.ActiveCfg = AppStore|iPhoneSimulator
		{69186246-D531-4ACF-B477-FEE65455EE42}.AppStore|iPhoneSimulator.Build.0 = AppStore|iPhoneSimulator
		{69186246-D531-4ACF-B477-FEE65455EE42}.Debug|iPhone.ActiveCfg = Debug|iPhone
		{69186246-D531-4ACF-B477-FEE65455EE42}.Debug|iPhone.Build.0 = Debug|iPhone
		{69186246-D531-4ACF-B477-FEE65455EE42}.Debug|iPhoneSimulator.ActiveCfg = Debug|iPhoneSimulator
		{69186246-D531-4ACF-B477-FEE65455EE42}.Debug|iPhoneSimulator.Build.0 = Debug|iPhoneSimulator
		{69186246-D531-4ACF-B477-FEE65455EE42}.Release|iPhone.ActiveCfg = Release|iPhone
		{69186246-D531-4ACF-B477-FEE65455EE42}.Release|iPhone.Build.0 = Release|iPhone
		{69186246-D531-4ACF-B477-FEE65455EE42}.Release|iPhoneSimulator.ActiveCfg = Release|iPhoneSimulator
		{69186246-D531-4ACF-B477-FEE65455EE42}.Release|iPhoneSimulator.Build.0 = Release|iPhoneSimulator
	EndGlobalSection
	GlobalSection(SolutionProperties) = preSolution
		HideSolutionNode = FALSE
	EndGlobalSection
EndGlobal
